// !$*UTF8*$!
{
	archiveVersion = 1;
	classes = {
	};
	objectVersion = 46;
	objects = {

/* Begin PBXBuildFile section */
		0729D5B91AB60C6E00E7C26A /* SettingViewController.m in Sources */ = {isa = PBXBuildFile; fileRef = 0729D5B71AB60C6E00E7C26A /* SettingViewController.m */; };
		0729D5BA1AB60C6E00E7C26A /* SettingViewController.xib in Resources */ = {isa = PBXBuildFile; fileRef = 0729D5B81AB60C6E00E7C26A /* SettingViewController.xib */; };
		0729D5BE1AB6141D00E7C26A /* SettingMenuHeaderView.m in Sources */ = {isa = PBXBuildFile; fileRef = 0729D5BD1AB6141D00E7C26A /* SettingMenuHeaderView.m */; };
		0729D5C01AB6149600E7C26A /* SettingMenuHeaderView.xib in Resources */ = {isa = PBXBuildFile; fileRef = 0729D5BF1AB6149600E7C26A /* SettingMenuHeaderView.xib */; };
		0729D5C91AB6173A00E7C26A /* SettingMenuTableViewCell.m in Sources */ = {isa = PBXBuildFile; fileRef = 0729D5C71AB6173A00E7C26A /* SettingMenuTableViewCell.m */; };
		0729D5CA1AB6173A00E7C26A /* SettingMenuTableViewCell.xib in Resources */ = {isa = PBXBuildFile; fileRef = 0729D5C81AB6173A00E7C26A /* SettingMenuTableViewCell.xib */; };
		0729D5CD1AB638AC00E7C26A /* SideViewTransition.m in Sources */ = {isa = PBXBuildFile; fileRef = 0729D5CC1AB638AC00E7C26A /* SideViewTransition.m */; };
		072FC3B31AABA3E300E7A1D5 /* ProductDetailViewController.m in Sources */ = {isa = PBXBuildFile; fileRef = 072FC3B11AABA3E300E7A1D5 /* ProductDetailViewController.m */; };
		072FC3B71AABBDCD00E7A1D5 /* ProductGift.m in Sources */ = {isa = PBXBuildFile; fileRef = 072FC3B61AABBDCD00E7A1D5 /* ProductGift.m */; };
		072FC3BA1AABC6A300E7A1D5 /* ProductHTMLParser.m in Sources */ = {isa = PBXBuildFile; fileRef = 072FC3B91AABC6A300E7A1D5 /* ProductHTMLParser.m */; };
		072FC3BD1AABEB7600E7A1D5 /* ParsePattern.m in Sources */ = {isa = PBXBuildFile; fileRef = 072FC3BC1AABEB7600E7A1D5 /* ParsePattern.m */; };
		073B41B71AA8157400139A10 /* main.m in Sources */ = {isa = PBXBuildFile; fileRef = 073B41B61AA8157400139A10 /* main.m */; };
		073B41BA1AA8157400139A10 /* AppDelegate.m in Sources */ = {isa = PBXBuildFile; fileRef = 073B41B91AA8157400139A10 /* AppDelegate.m */; };
		073B41C51AA8157500139A10 /* LaunchScreen.xib in Resources */ = {isa = PBXBuildFile; fileRef = 073B41C31AA8157500139A10 /* LaunchScreen.xib */; };
		073B41D11AA8157500139A10 /* giftlrTests.m in Sources */ = {isa = PBXBuildFile; fileRef = 073B41D01AA8157500139A10 /* giftlrTests.m */; };
		073E02261AAB856B007778F4 /* ProductSearchViewController.m in Sources */ = {isa = PBXBuildFile; fileRef = 073E02241AAB856B007778F4 /* ProductSearchViewController.m */; };
		073E02271AAB856B007778F4 /* ProductSearchViewController.xib in Resources */ = {isa = PBXBuildFile; fileRef = 073E02251AAB856B007778F4 /* ProductSearchViewController.xib */; };
		073E022C1AAB9044007778F4 /* Html in Resources */ = {isa = PBXBuildFile; fileRef = 073E022B1AAB9044007778F4 /* Html */; };
		0760AF2E1AAEBC2C008CF2F3 /* Images.xcassets in Resources */ = {isa = PBXBuildFile; fileRef = 073B41C11AA8157500139A10 /* Images.xcassets */; };
		0760AF2F1AAEBC2C008CF2F3 /* ProductDetailViewController.xib in Resources */ = {isa = PBXBuildFile; fileRef = 072FC3B21AABA3E300E7A1D5 /* ProductDetailViewController.xib */; };
		07C1D3091AB4F0CB00EF171D /* ModalViewTransition.m in Sources */ = {isa = PBXBuildFile; fileRef = 07C1D3081AB4F0CB00EF171D /* ModalViewTransition.m */; };
		07E52B821AAD37B700B67296 /* PurchaseViewController.m in Sources */ = {isa = PBXBuildFile; fileRef = 07E52B801AAD37B700B67296 /* PurchaseViewController.m */; };
		07E52B831AAD37B700B67296 /* PurchaseViewController.xib in Resources */ = {isa = PBXBuildFile; fileRef = 07E52B811AAD37B700B67296 /* PurchaseViewController.xib */; };
		07EB3EDF1AB00BFF007B1607 /* EventProductGiftCell.m in Sources */ = {isa = PBXBuildFile; fileRef = 07EB3EDD1AB00BFF007B1607 /* EventProductGiftCell.m */; };
		07EB3EE01AB00BFF007B1607 /* EventProductGiftCell.xib in Resources */ = {isa = PBXBuildFile; fileRef = 07EB3EDE1AB00BFF007B1607 /* EventProductGiftCell.xib */; };
		07EB3EE41AB00C27007B1607 /* EventCashGiftCell.m in Sources */ = {isa = PBXBuildFile; fileRef = 07EB3EE21AB00C27007B1607 /* EventCashGiftCell.m */; };
		07EB3EE51AB00C27007B1607 /* EventCashGiftCell.xib in Resources */ = {isa = PBXBuildFile; fileRef = 07EB3EE31AB00C27007B1607 /* EventCashGiftCell.xib */; };
		3344044D1AB40284008B2A73 /* MainViewController.m in Sources */ = {isa = PBXBuildFile; fileRef = 3344044B1AB40283008B2A73 /* MainViewController.m */; };
		3344044E1AB40284008B2A73 /* MainViewController.xib in Resources */ = {isa = PBXBuildFile; fileRef = 3344044C1AB40284008B2A73 /* MainViewController.xib */; };
		33AC4BD21AAD21B900438120 /* GiftListViewController.m in Sources */ = {isa = PBXBuildFile; fileRef = 33AC4BD01AAD21B900438120 /* GiftListViewController.m */; };
		33AC4BD31AAD21B900438120 /* GiftListViewController.xib in Resources */ = {isa = PBXBuildFile; fileRef = 33AC4BD11AAD21B900438120 /* GiftListViewController.xib */; };
		33AC4BD71AAD222300438120 /* CashGift.m in Sources */ = {isa = PBXBuildFile; fileRef = 33AC4BD61AAD222300438120 /* CashGift.m */; };
		33AC4BDB1AAD226800438120 /* ProductGiftCell.m in Sources */ = {isa = PBXBuildFile; fileRef = 33AC4BD91AAD226800438120 /* ProductGiftCell.m */; };
		33AC4BDC1AAD226800438120 /* ProductGiftCell.xib in Resources */ = {isa = PBXBuildFile; fileRef = 33AC4BDA1AAD226800438120 /* ProductGiftCell.xib */; };
		33AC4BE01AAD227C00438120 /* CashGiftCell.m in Sources */ = {isa = PBXBuildFile; fileRef = 33AC4BDE1AAD227C00438120 /* CashGiftCell.m */; };
		33AC4BE11AAD227C00438120 /* CashGiftCell.xib in Resources */ = {isa = PBXBuildFile; fileRef = 33AC4BDF1AAD227C00438120 /* CashGiftCell.xib */; };
		33AC4BE81AAD503900438120 /* AddCashGiftViewController.m in Sources */ = {isa = PBXBuildFile; fileRef = 33AC4BE61AAD503900438120 /* AddCashGiftViewController.m */; };
		33AC4BE91AAD503900438120 /* AddCashGiftViewController.xib in Resources */ = {isa = PBXBuildFile; fileRef = 33AC4BE71AAD503900438120 /* AddCashGiftViewController.xib */; };
		33AC4BED1AAD531400438120 /* PayCashViewController.m in Sources */ = {isa = PBXBuildFile; fileRef = 33AC4BEB1AAD531400438120 /* PayCashViewController.m */; };
		33AC4BEE1AAD531400438120 /* PayCashViewController.xib in Resources */ = {isa = PBXBuildFile; fileRef = 33AC4BEC1AAD531400438120 /* PayCashViewController.xib */; };
		9602DBD41AA96C970070CEB8 /* LoginViewController.m in Sources */ = {isa = PBXBuildFile; fileRef = 9602DBD21AA96C970070CEB8 /* LoginViewController.m */; };
		9602DBD51AA96C970070CEB8 /* LoginViewController.xib in Resources */ = {isa = PBXBuildFile; fileRef = 9602DBD31AA96C970070CEB8 /* LoginViewController.xib */; };
		9602DBD91AAB51E50070CEB8 /* EventListViewController.m in Sources */ = {isa = PBXBuildFile; fileRef = 9602DBD71AAB51E50070CEB8 /* EventListViewController.m */; };
		9602DBDA1AAB51E50070CEB8 /* EventListViewController.xib in Resources */ = {isa = PBXBuildFile; fileRef = 9602DBD81AAB51E50070CEB8 /* EventListViewController.xib */; };
		9602DBDD1AAB8E530070CEB8 /* User.m in Sources */ = {isa = PBXBuildFile; fileRef = 9602DBDC1AAB8E530070CEB8 /* User.m */; };
		9602DBE01AABAFCB0070CEB8 /* Event.m in Sources */ = {isa = PBXBuildFile; fileRef = 9602DBDF1AABAFCB0070CEB8 /* Event.m */; };
		9602DBE41AABD7380070CEB8 /* EventViewCell.m in Sources */ = {isa = PBXBuildFile; fileRef = 9602DBE21AABD7380070CEB8 /* EventViewCell.m */; };
		9602DBE51AABD7380070CEB8 /* EventViewCell.xib in Resources */ = {isa = PBXBuildFile; fileRef = 9602DBE31AABD7380070CEB8 /* EventViewCell.xib */; };
		9602DBE91AACEC640070CEB8 /* EventDetailViewController.m in Sources */ = {isa = PBXBuildFile; fileRef = 9602DBE71AACEC640070CEB8 /* EventDetailViewController.m */; };
		9602DBEA1AACEC640070CEB8 /* EventDetailViewController.xib in Resources */ = {isa = PBXBuildFile; fileRef = 9602DBE81AACEC640070CEB8 /* EventDetailViewController.xib */; };
		9602DBEE1AACFDE20070CEB8 /* EventDetailViewCell.m in Sources */ = {isa = PBXBuildFile; fileRef = 9602DBEC1AACFDE20070CEB8 /* EventDetailViewCell.m */; };
		9602DBEF1AACFDE20070CEB8 /* EventDetailViewCell.xib in Resources */ = {isa = PBXBuildFile; fileRef = 9602DBED1AACFDE20070CEB8 /* EventDetailViewCell.xib */; };
		9602DBF31AAD12F10070CEB8 /* EventDescriptionCell.m in Sources */ = {isa = PBXBuildFile; fileRef = 9602DBF11AAD12F10070CEB8 /* EventDescriptionCell.m */; };
		9602DBF41AAD12F10070CEB8 /* EventDescriptionCell.xib in Resources */ = {isa = PBXBuildFile; fileRef = 9602DBF21AAD12F10070CEB8 /* EventDescriptionCell.xib */; };
		9602DC011AB2C4C10070CEB8 /* UIColor+giftlr.m in Sources */ = {isa = PBXBuildFile; fileRef = 9602DC001AB2C4C10070CEB8 /* UIColor+giftlr.m */; };
		96AB29D01AB6313E00FB64AD /* EventKit.framework in Frameworks */ = {isa = PBXBuildFile; fileRef = 96AB29CE1AB6313E00FB64AD /* EventKit.framework */; };
		96AB29D11AB6313E00FB64AD /* EventKitUI.framework in Frameworks */ = {isa = PBXBuildFile; fileRef = 96AB29CF1AB6313E00FB64AD /* EventKitUI.framework */; };
		E3A79EE3D331AF6A9F7AE534 /* libPods.a in Frameworks */ = {isa = PBXBuildFile; fileRef = 31F1E81EBE4E83E81F5D889F /* libPods.a */; };
/* End PBXBuildFile section */

/* Begin PBXContainerItemProxy section */
		073B41CB1AA8157500139A10 /* PBXContainerItemProxy */ = {
			isa = PBXContainerItemProxy;
			containerPortal = 073B41A91AA8157400139A10 /* Project object */;
			proxyType = 1;
			remoteGlobalIDString = 073B41B01AA8157400139A10;
			remoteInfo = giftlr;
		};
/* End PBXContainerItemProxy section */

/* Begin PBXFileReference section */
		0729D5B61AB60C6E00E7C26A /* SettingViewController.h */ = {isa = PBXFileReference; fileEncoding = 4; lastKnownFileType = sourcecode.c.h; path = SettingViewController.h; sourceTree = "<group>"; };
		0729D5B71AB60C6E00E7C26A /* SettingViewController.m */ = {isa = PBXFileReference; fileEncoding = 4; lastKnownFileType = sourcecode.c.objc; path = SettingViewController.m; sourceTree = "<group>"; };
		0729D5B81AB60C6E00E7C26A /* SettingViewController.xib */ = {isa = PBXFileReference; fileEncoding = 4; lastKnownFileType = file.xib; path = SettingViewController.xib; sourceTree = "<group>"; };
		0729D5BC1AB6141D00E7C26A /* SettingMenuHeaderView.h */ = {isa = PBXFileReference; fileEncoding = 4; lastKnownFileType = sourcecode.c.h; path = SettingMenuHeaderView.h; sourceTree = "<group>"; };
		0729D5BD1AB6141D00E7C26A /* SettingMenuHeaderView.m */ = {isa = PBXFileReference; fileEncoding = 4; lastKnownFileType = sourcecode.c.objc; path = SettingMenuHeaderView.m; sourceTree = "<group>"; };
		0729D5BF1AB6149600E7C26A /* SettingMenuHeaderView.xib */ = {isa = PBXFileReference; fileEncoding = 4; lastKnownFileType = file.xib; path = SettingMenuHeaderView.xib; sourceTree = "<group>"; };
		0729D5C61AB6173A00E7C26A /* SettingMenuTableViewCell.h */ = {isa = PBXFileReference; fileEncoding = 4; lastKnownFileType = sourcecode.c.h; path = SettingMenuTableViewCell.h; sourceTree = "<group>"; };
		0729D5C71AB6173A00E7C26A /* SettingMenuTableViewCell.m */ = {isa = PBXFileReference; fileEncoding = 4; lastKnownFileType = sourcecode.c.objc; path = SettingMenuTableViewCell.m; sourceTree = "<group>"; };
		0729D5C81AB6173A00E7C26A /* SettingMenuTableViewCell.xib */ = {isa = PBXFileReference; fileEncoding = 4; lastKnownFileType = file.xib; path = SettingMenuTableViewCell.xib; sourceTree = "<group>"; };
		0729D5CB1AB638AC00E7C26A /* SideViewTransition.h */ = {isa = PBXFileReference; fileEncoding = 4; lastKnownFileType = sourcecode.c.h; path = SideViewTransition.h; sourceTree = "<group>"; };
		0729D5CC1AB638AC00E7C26A /* SideViewTransition.m */ = {isa = PBXFileReference; fileEncoding = 4; lastKnownFileType = sourcecode.c.objc; path = SideViewTransition.m; sourceTree = "<group>"; };
		072FC3B01AABA3E300E7A1D5 /* ProductDetailViewController.h */ = {isa = PBXFileReference; fileEncoding = 4; lastKnownFileType = sourcecode.c.h; path = ProductDetailViewController.h; sourceTree = "<group>"; };
		072FC3B11AABA3E300E7A1D5 /* ProductDetailViewController.m */ = {isa = PBXFileReference; fileEncoding = 4; lastKnownFileType = sourcecode.c.objc; path = ProductDetailViewController.m; sourceTree = "<group>"; };
		072FC3B21AABA3E300E7A1D5 /* ProductDetailViewController.xib */ = {isa = PBXFileReference; fileEncoding = 4; lastKnownFileType = file.xib; path = ProductDetailViewController.xib; sourceTree = "<group>"; };
		072FC3B51AABBDCD00E7A1D5 /* ProductGift.h */ = {isa = PBXFileReference; fileEncoding = 4; lastKnownFileType = sourcecode.c.h; path = ProductGift.h; sourceTree = "<group>"; };
		072FC3B61AABBDCD00E7A1D5 /* ProductGift.m */ = {isa = PBXFileReference; fileEncoding = 4; lastKnownFileType = sourcecode.c.objc; path = ProductGift.m; sourceTree = "<group>"; };
		072FC3B81AABC6A300E7A1D5 /* ProductHTMLParser.h */ = {isa = PBXFileReference; fileEncoding = 4; lastKnownFileType = sourcecode.c.h; path = ProductHTMLParser.h; sourceTree = "<group>"; };
		072FC3B91AABC6A300E7A1D5 /* ProductHTMLParser.m */ = {isa = PBXFileReference; fileEncoding = 4; lastKnownFileType = sourcecode.c.objc; path = ProductHTMLParser.m; sourceTree = "<group>"; };
		072FC3BB1AABEB7600E7A1D5 /* ParsePattern.h */ = {isa = PBXFileReference; fileEncoding = 4; lastKnownFileType = sourcecode.c.h; path = ParsePattern.h; sourceTree = "<group>"; };
		072FC3BC1AABEB7600E7A1D5 /* ParsePattern.m */ = {isa = PBXFileReference; fileEncoding = 4; lastKnownFileType = sourcecode.c.objc; path = ParsePattern.m; sourceTree = "<group>"; };
		073B41B11AA8157400139A10 /* giftlr.app */ = {isa = PBXFileReference; explicitFileType = wrapper.application; includeInIndex = 0; path = giftlr.app; sourceTree = BUILT_PRODUCTS_DIR; };
		073B41B51AA8157400139A10 /* Info.plist */ = {isa = PBXFileReference; lastKnownFileType = text.plist.xml; path = Info.plist; sourceTree = "<group>"; };
		073B41B61AA8157400139A10 /* main.m */ = {isa = PBXFileReference; lastKnownFileType = sourcecode.c.objc; path = main.m; sourceTree = "<group>"; };
		073B41B81AA8157400139A10 /* AppDelegate.h */ = {isa = PBXFileReference; lastKnownFileType = sourcecode.c.h; path = AppDelegate.h; sourceTree = "<group>"; };
		073B41B91AA8157400139A10 /* AppDelegate.m */ = {isa = PBXFileReference; lastKnownFileType = sourcecode.c.objc; path = AppDelegate.m; sourceTree = "<group>"; };
		073B41C11AA8157500139A10 /* Images.xcassets */ = {isa = PBXFileReference; lastKnownFileType = folder.assetcatalog; path = Images.xcassets; sourceTree = "<group>"; };
		073B41C41AA8157500139A10 /* Base */ = {isa = PBXFileReference; lastKnownFileType = file.xib; name = Base; path = Base.lproj/LaunchScreen.xib; sourceTree = "<group>"; };
		073B41CA1AA8157500139A10 /* giftlrTests.xctest */ = {isa = PBXFileReference; explicitFileType = wrapper.cfbundle; includeInIndex = 0; path = giftlrTests.xctest; sourceTree = BUILT_PRODUCTS_DIR; };
		073B41CF1AA8157500139A10 /* Info.plist */ = {isa = PBXFileReference; lastKnownFileType = text.plist.xml; path = Info.plist; sourceTree = "<group>"; };
		073B41D01AA8157500139A10 /* giftlrTests.m */ = {isa = PBXFileReference; lastKnownFileType = sourcecode.c.objc; path = giftlrTests.m; sourceTree = "<group>"; };
		073E02231AAB856B007778F4 /* ProductSearchViewController.h */ = {isa = PBXFileReference; fileEncoding = 4; lastKnownFileType = sourcecode.c.h; path = ProductSearchViewController.h; sourceTree = "<group>"; };
		073E02241AAB856B007778F4 /* ProductSearchViewController.m */ = {isa = PBXFileReference; fileEncoding = 4; lastKnownFileType = sourcecode.c.objc; path = ProductSearchViewController.m; sourceTree = "<group>"; };
		073E02251AAB856B007778F4 /* ProductSearchViewController.xib */ = {isa = PBXFileReference; fileEncoding = 4; lastKnownFileType = file.xib; path = ProductSearchViewController.xib; sourceTree = "<group>"; };
		073E022B1AAB9044007778F4 /* Html */ = {isa = PBXFileReference; lastKnownFileType = folder; path = Html; sourceTree = "<group>"; };
		07C1D3071AB4F0CB00EF171D /* ModalViewTransition.h */ = {isa = PBXFileReference; fileEncoding = 4; lastKnownFileType = sourcecode.c.h; path = ModalViewTransition.h; sourceTree = "<group>"; };
		07C1D3081AB4F0CB00EF171D /* ModalViewTransition.m */ = {isa = PBXFileReference; fileEncoding = 4; lastKnownFileType = sourcecode.c.objc; path = ModalViewTransition.m; sourceTree = "<group>"; };
		07E52B7F1AAD37B700B67296 /* PurchaseViewController.h */ = {isa = PBXFileReference; fileEncoding = 4; lastKnownFileType = sourcecode.c.h; path = PurchaseViewController.h; sourceTree = "<group>"; };
		07E52B801AAD37B700B67296 /* PurchaseViewController.m */ = {isa = PBXFileReference; fileEncoding = 4; lastKnownFileType = sourcecode.c.objc; path = PurchaseViewController.m; sourceTree = "<group>"; };
		07E52B811AAD37B700B67296 /* PurchaseViewController.xib */ = {isa = PBXFileReference; fileEncoding = 4; lastKnownFileType = file.xib; path = PurchaseViewController.xib; sourceTree = "<group>"; };
		07EB3EDC1AB00BFF007B1607 /* EventProductGiftCell.h */ = {isa = PBXFileReference; fileEncoding = 4; lastKnownFileType = sourcecode.c.h; path = EventProductGiftCell.h; sourceTree = "<group>"; };
		07EB3EDD1AB00BFF007B1607 /* EventProductGiftCell.m */ = {isa = PBXFileReference; fileEncoding = 4; lastKnownFileType = sourcecode.c.objc; path = EventProductGiftCell.m; sourceTree = "<group>"; };
		07EB3EDE1AB00BFF007B1607 /* EventProductGiftCell.xib */ = {isa = PBXFileReference; fileEncoding = 4; lastKnownFileType = file.xib; path = EventProductGiftCell.xib; sourceTree = "<group>"; };
		07EB3EE11AB00C27007B1607 /* EventCashGiftCell.h */ = {isa = PBXFileReference; fileEncoding = 4; lastKnownFileType = sourcecode.c.h; path = EventCashGiftCell.h; sourceTree = "<group>"; };
		07EB3EE21AB00C27007B1607 /* EventCashGiftCell.m */ = {isa = PBXFileReference; fileEncoding = 4; lastKnownFileType = sourcecode.c.objc; path = EventCashGiftCell.m; sourceTree = "<group>"; };
		07EB3EE31AB00C27007B1607 /* EventCashGiftCell.xib */ = {isa = PBXFileReference; fileEncoding = 4; lastKnownFileType = file.xib; path = EventCashGiftCell.xib; sourceTree = "<group>"; };
		31F1E81EBE4E83E81F5D889F /* libPods.a */ = {isa = PBXFileReference; explicitFileType = archive.ar; includeInIndex = 0; path = libPods.a; sourceTree = BUILT_PRODUCTS_DIR; };
		3344044A1AB40283008B2A73 /* MainViewController.h */ = {isa = PBXFileReference; fileEncoding = 4; lastKnownFileType = sourcecode.c.h; path = MainViewController.h; sourceTree = "<group>"; };
		3344044B1AB40283008B2A73 /* MainViewController.m */ = {isa = PBXFileReference; fileEncoding = 4; lastKnownFileType = sourcecode.c.objc; path = MainViewController.m; sourceTree = "<group>"; };
		3344044C1AB40284008B2A73 /* MainViewController.xib */ = {isa = PBXFileReference; fileEncoding = 4; lastKnownFileType = file.xib; path = MainViewController.xib; sourceTree = "<group>"; };
		33AC4BCF1AAD21B900438120 /* GiftListViewController.h */ = {isa = PBXFileReference; fileEncoding = 4; lastKnownFileType = sourcecode.c.h; path = GiftListViewController.h; sourceTree = "<group>"; };
		33AC4BD01AAD21B900438120 /* GiftListViewController.m */ = {isa = PBXFileReference; fileEncoding = 4; lastKnownFileType = sourcecode.c.objc; path = GiftListViewController.m; sourceTree = "<group>"; };
		33AC4BD11AAD21B900438120 /* GiftListViewController.xib */ = {isa = PBXFileReference; fileEncoding = 4; lastKnownFileType = file.xib; path = GiftListViewController.xib; sourceTree = "<group>"; };
		33AC4BD51AAD222300438120 /* CashGift.h */ = {isa = PBXFileReference; fileEncoding = 4; lastKnownFileType = sourcecode.c.h; path = CashGift.h; sourceTree = "<group>"; };
		33AC4BD61AAD222300438120 /* CashGift.m */ = {isa = PBXFileReference; fileEncoding = 4; lastKnownFileType = sourcecode.c.objc; path = CashGift.m; sourceTree = "<group>"; };
		33AC4BD81AAD226800438120 /* ProductGiftCell.h */ = {isa = PBXFileReference; fileEncoding = 4; lastKnownFileType = sourcecode.c.h; path = ProductGiftCell.h; sourceTree = "<group>"; };
		33AC4BD91AAD226800438120 /* ProductGiftCell.m */ = {isa = PBXFileReference; fileEncoding = 4; lastKnownFileType = sourcecode.c.objc; path = ProductGiftCell.m; sourceTree = "<group>"; };
		33AC4BDA1AAD226800438120 /* ProductGiftCell.xib */ = {isa = PBXFileReference; fileEncoding = 4; lastKnownFileType = file.xib; path = ProductGiftCell.xib; sourceTree = "<group>"; };
		33AC4BDD1AAD227C00438120 /* CashGiftCell.h */ = {isa = PBXFileReference; fileEncoding = 4; lastKnownFileType = sourcecode.c.h; path = CashGiftCell.h; sourceTree = "<group>"; };
		33AC4BDE1AAD227C00438120 /* CashGiftCell.m */ = {isa = PBXFileReference; fileEncoding = 4; lastKnownFileType = sourcecode.c.objc; path = CashGiftCell.m; sourceTree = "<group>"; };
		33AC4BDF1AAD227C00438120 /* CashGiftCell.xib */ = {isa = PBXFileReference; fileEncoding = 4; lastKnownFileType = file.xib; path = CashGiftCell.xib; sourceTree = "<group>"; };
		33AC4BE51AAD503900438120 /* AddCashGiftViewController.h */ = {isa = PBXFileReference; fileEncoding = 4; lastKnownFileType = sourcecode.c.h; path = AddCashGiftViewController.h; sourceTree = "<group>"; };
		33AC4BE61AAD503900438120 /* AddCashGiftViewController.m */ = {isa = PBXFileReference; fileEncoding = 4; lastKnownFileType = sourcecode.c.objc; path = AddCashGiftViewController.m; sourceTree = "<group>"; };
		33AC4BE71AAD503900438120 /* AddCashGiftViewController.xib */ = {isa = PBXFileReference; fileEncoding = 4; lastKnownFileType = file.xib; path = AddCashGiftViewController.xib; sourceTree = "<group>"; };
		33AC4BEA1AAD531400438120 /* PayCashViewController.h */ = {isa = PBXFileReference; fileEncoding = 4; lastKnownFileType = sourcecode.c.h; path = PayCashViewController.h; sourceTree = "<group>"; };
		33AC4BEB1AAD531400438120 /* PayCashViewController.m */ = {isa = PBXFileReference; fileEncoding = 4; lastKnownFileType = sourcecode.c.objc; path = PayCashViewController.m; sourceTree = "<group>"; };
		33AC4BEC1AAD531400438120 /* PayCashViewController.xib */ = {isa = PBXFileReference; fileEncoding = 4; lastKnownFileType = file.xib; path = PayCashViewController.xib; sourceTree = "<group>"; };
		5D6C28483687981AD2731B10 /* Pods.release.xcconfig */ = {isa = PBXFileReference; includeInIndex = 1; lastKnownFileType = text.xcconfig; name = Pods.release.xcconfig; path = "Pods/Target Support Files/Pods/Pods.release.xcconfig"; sourceTree = "<group>"; };
		635D06DC3D813B3F2FA6652E /* Pods.debug.xcconfig */ = {isa = PBXFileReference; includeInIndex = 1; lastKnownFileType = text.xcconfig; name = Pods.debug.xcconfig; path = "Pods/Target Support Files/Pods/Pods.debug.xcconfig"; sourceTree = "<group>"; };
		9602DBD11AA96C970070CEB8 /* LoginViewController.h */ = {isa = PBXFileReference; fileEncoding = 4; lastKnownFileType = sourcecode.c.h; path = LoginViewController.h; sourceTree = "<group>"; };
		9602DBD21AA96C970070CEB8 /* LoginViewController.m */ = {isa = PBXFileReference; fileEncoding = 4; lastKnownFileType = sourcecode.c.objc; path = LoginViewController.m; sourceTree = "<group>"; };
		9602DBD31AA96C970070CEB8 /* LoginViewController.xib */ = {isa = PBXFileReference; fileEncoding = 4; lastKnownFileType = file.xib; path = LoginViewController.xib; sourceTree = "<group>"; };
		9602DBD61AAB51E50070CEB8 /* EventListViewController.h */ = {isa = PBXFileReference; fileEncoding = 4; lastKnownFileType = sourcecode.c.h; path = EventListViewController.h; sourceTree = "<group>"; };
		9602DBD71AAB51E50070CEB8 /* EventListViewController.m */ = {isa = PBXFileReference; fileEncoding = 4; lastKnownFileType = sourcecode.c.objc; path = EventListViewController.m; sourceTree = "<group>"; };
		9602DBD81AAB51E50070CEB8 /* EventListViewController.xib */ = {isa = PBXFileReference; fileEncoding = 4; lastKnownFileType = file.xib; path = EventListViewController.xib; sourceTree = "<group>"; };
		9602DBDB1AAB8E530070CEB8 /* User.h */ = {isa = PBXFileReference; fileEncoding = 4; lastKnownFileType = sourcecode.c.h; path = User.h; sourceTree = "<group>"; };
		9602DBDC1AAB8E530070CEB8 /* User.m */ = {isa = PBXFileReference; fileEncoding = 4; lastKnownFileType = sourcecode.c.objc; path = User.m; sourceTree = "<group>"; };
		9602DBDE1AABAFCB0070CEB8 /* Event.h */ = {isa = PBXFileReference; fileEncoding = 4; lastKnownFileType = sourcecode.c.h; path = Event.h; sourceTree = "<group>"; };
		9602DBDF1AABAFCB0070CEB8 /* Event.m */ = {isa = PBXFileReference; fileEncoding = 4; lastKnownFileType = sourcecode.c.objc; path = Event.m; sourceTree = "<group>"; };
		9602DBE11AABD7380070CEB8 /* EventViewCell.h */ = {isa = PBXFileReference; fileEncoding = 4; lastKnownFileType = sourcecode.c.h; path = EventViewCell.h; sourceTree = "<group>"; };
		9602DBE21AABD7380070CEB8 /* EventViewCell.m */ = {isa = PBXFileReference; fileEncoding = 4; lastKnownFileType = sourcecode.c.objc; path = EventViewCell.m; sourceTree = "<group>"; };
		9602DBE31AABD7380070CEB8 /* EventViewCell.xib */ = {isa = PBXFileReference; fileEncoding = 4; lastKnownFileType = file.xib; path = EventViewCell.xib; sourceTree = "<group>"; };
		9602DBE61AACEC640070CEB8 /* EventDetailViewController.h */ = {isa = PBXFileReference; fileEncoding = 4; lastKnownFileType = sourcecode.c.h; path = EventDetailViewController.h; sourceTree = "<group>"; };
		9602DBE71AACEC640070CEB8 /* EventDetailViewController.m */ = {isa = PBXFileReference; fileEncoding = 4; lastKnownFileType = sourcecode.c.objc; path = EventDetailViewController.m; sourceTree = "<group>"; };
		9602DBE81AACEC640070CEB8 /* EventDetailViewController.xib */ = {isa = PBXFileReference; fileEncoding = 4; lastKnownFileType = file.xib; path = EventDetailViewController.xib; sourceTree = "<group>"; };
		9602DBEB1AACFDE20070CEB8 /* EventDetailViewCell.h */ = {isa = PBXFileReference; fileEncoding = 4; lastKnownFileType = sourcecode.c.h; path = EventDetailViewCell.h; sourceTree = "<group>"; };
		9602DBEC1AACFDE20070CEB8 /* EventDetailViewCell.m */ = {isa = PBXFileReference; fileEncoding = 4; lastKnownFileType = sourcecode.c.objc; path = EventDetailViewCell.m; sourceTree = "<group>"; };
		9602DBED1AACFDE20070CEB8 /* EventDetailViewCell.xib */ = {isa = PBXFileReference; fileEncoding = 4; lastKnownFileType = file.xib; path = EventDetailViewCell.xib; sourceTree = "<group>"; };
		9602DBF01AAD12F10070CEB8 /* EventDescriptionCell.h */ = {isa = PBXFileReference; fileEncoding = 4; lastKnownFileType = sourcecode.c.h; path = EventDescriptionCell.h; sourceTree = "<group>"; };
		9602DBF11AAD12F10070CEB8 /* EventDescriptionCell.m */ = {isa = PBXFileReference; fileEncoding = 4; lastKnownFileType = sourcecode.c.objc; path = EventDescriptionCell.m; sourceTree = "<group>"; };
		9602DBF21AAD12F10070CEB8 /* EventDescriptionCell.xib */ = {isa = PBXFileReference; fileEncoding = 4; lastKnownFileType = file.xib; path = EventDescriptionCell.xib; sourceTree = "<group>"; };
		9602DBFF1AB2C4C10070CEB8 /* UIColor+giftlr.h */ = {isa = PBXFileReference; fileEncoding = 4; lastKnownFileType = sourcecode.c.h; path = "UIColor+giftlr.h"; sourceTree = "<group>"; };
		9602DC001AB2C4C10070CEB8 /* UIColor+giftlr.m */ = {isa = PBXFileReference; fileEncoding = 4; lastKnownFileType = sourcecode.c.objc; path = "UIColor+giftlr.m"; sourceTree = "<group>"; };
		96AB29CE1AB6313E00FB64AD /* EventKit.framework */ = {isa = PBXFileReference; lastKnownFileType = wrapper.framework; name = EventKit.framework; path = System/Library/Frameworks/EventKit.framework; sourceTree = SDKROOT; };
		96AB29CF1AB6313E00FB64AD /* EventKitUI.framework */ = {isa = PBXFileReference; lastKnownFileType = wrapper.framework; name = EventKitUI.framework; path = System/Library/Frameworks/EventKitUI.framework; sourceTree = SDKROOT; };
/* End PBXFileReference section */

/* Begin PBXFrameworksBuildPhase section */
		073B41AE1AA8157400139A10 /* Frameworks */ = {
			isa = PBXFrameworksBuildPhase;
			buildActionMask = 2147483647;
			files = (
				96AB29D01AB6313E00FB64AD /* EventKit.framework in Frameworks */,
				96AB29D11AB6313E00FB64AD /* EventKitUI.framework in Frameworks */,
				E3A79EE3D331AF6A9F7AE534 /* libPods.a in Frameworks */,
			);
			runOnlyForDeploymentPostprocessing = 0;
		};
		073B41C71AA8157500139A10 /* Frameworks */ = {
			isa = PBXFrameworksBuildPhase;
			buildActionMask = 2147483647;
			files = (
			);
			runOnlyForDeploymentPostprocessing = 0;
		};
/* End PBXFrameworksBuildPhase section */

/* Begin PBXGroup section */
		0729D5BB1AB613BB00E7C26A /* SettingView */ = {
			isa = PBXGroup;
			children = (
				0729D5BC1AB6141D00E7C26A /* SettingMenuHeaderView.h */,
				0729D5BD1AB6141D00E7C26A /* SettingMenuHeaderView.m */,
				0729D5BF1AB6149600E7C26A /* SettingMenuHeaderView.xib */,
				0729D5C61AB6173A00E7C26A /* SettingMenuTableViewCell.h */,
				0729D5C71AB6173A00E7C26A /* SettingMenuTableViewCell.m */,
				0729D5C81AB6173A00E7C26A /* SettingMenuTableViewCell.xib */,
			);
			name = SettingView;
			sourceTree = "<group>";
		};
		072FC3AF1AABA3C100E7A1D5 /* Product */ = {
			isa = PBXGroup;
			children = (
				073E02231AAB856B007778F4 /* ProductSearchViewController.h */,
				073E02241AAB856B007778F4 /* ProductSearchViewController.m */,
				073E02251AAB856B007778F4 /* ProductSearchViewController.xib */,
				072FC3B01AABA3E300E7A1D5 /* ProductDetailViewController.h */,
				072FC3B11AABA3E300E7A1D5 /* ProductDetailViewController.m */,
				072FC3B21AABA3E300E7A1D5 /* ProductDetailViewController.xib */,
				07E52B7F1AAD37B700B67296 /* PurchaseViewController.h */,
				07E52B801AAD37B700B67296 /* PurchaseViewController.m */,
				07E52B811AAD37B700B67296 /* PurchaseViewController.xib */,
			);
			name = Product;
			sourceTree = "<group>";
		};
		073B41A81AA8157400139A10 = {
			isa = PBXGroup;
			children = (
				073B41B31AA8157400139A10 /* giftlr */,
				073B41CD1AA8157500139A10 /* giftlrTests */,
				073B41B21AA8157400139A10 /* Products */,
				D3923DAA5882719613D4CDA1 /* Pods */,
				4948AD42E08B503D3A371C65 /* Frameworks */,
			);
			sourceTree = "<group>";
		};
		073B41B21AA8157400139A10 /* Products */ = {
			isa = PBXGroup;
			children = (
				073B41B11AA8157400139A10 /* giftlr.app */,
				073B41CA1AA8157500139A10 /* giftlrTests.xctest */,
			);
			name = Products;
			sourceTree = "<group>";
		};
		073B41B31AA8157400139A10 /* giftlr */ = {
			isa = PBXGroup;
			children = (
				073E022B1AAB9044007778F4 /* Html */,
				073B41DA1AA8158B00139A10 /* Model */,
				073B41DB1AA815A300139A10 /* API */,
				073B41DC1AA815B100139A10 /* View */,
				073B41DD1AA815BA00139A10 /* View Controllers */,
				073B41B81AA8157400139A10 /* AppDelegate.h */,
				073B41B91AA8157400139A10 /* AppDelegate.m */,
				073B41C11AA8157500139A10 /* Images.xcassets */,
				073B41C31AA8157500139A10 /* LaunchScreen.xib */,
				073B41B41AA8157400139A10 /* Supporting Files */,
				9602DBFF1AB2C4C10070CEB8 /* UIColor+giftlr.h */,
				9602DC001AB2C4C10070CEB8 /* UIColor+giftlr.m */,
			);
			path = giftlr;
			sourceTree = "<group>";
		};
		073B41B41AA8157400139A10 /* Supporting Files */ = {
			isa = PBXGroup;
			children = (
				073B41B51AA8157400139A10 /* Info.plist */,
				073B41B61AA8157400139A10 /* main.m */,
			);
			name = "Supporting Files";
			sourceTree = "<group>";
		};
		073B41CD1AA8157500139A10 /* giftlrTests */ = {
			isa = PBXGroup;
			children = (
				073B41D01AA8157500139A10 /* giftlrTests.m */,
				073B41CE1AA8157500139A10 /* Supporting Files */,
			);
			path = giftlrTests;
			sourceTree = "<group>";
		};
		073B41CE1AA8157500139A10 /* Supporting Files */ = {
			isa = PBXGroup;
			children = (
				073B41CF1AA8157500139A10 /* Info.plist */,
			);
			name = "Supporting Files";
			sourceTree = "<group>";
		};
		073B41DA1AA8158B00139A10 /* Model */ = {
			isa = PBXGroup;
			children = (
				9602DBDB1AAB8E530070CEB8 /* User.h */,
				9602DBDC1AAB8E530070CEB8 /* User.m */,
				9602DBDE1AABAFCB0070CEB8 /* Event.h */,
				9602DBDF1AABAFCB0070CEB8 /* Event.m */,
				072FC3B51AABBDCD00E7A1D5 /* ProductGift.h */,
				072FC3B61AABBDCD00E7A1D5 /* ProductGift.m */,
				072FC3BB1AABEB7600E7A1D5 /* ParsePattern.h */,
				072FC3BC1AABEB7600E7A1D5 /* ParsePattern.m */,
				072FC3B81AABC6A300E7A1D5 /* ProductHTMLParser.h */,
				072FC3B91AABC6A300E7A1D5 /* ProductHTMLParser.m */,
				33AC4BD51AAD222300438120 /* CashGift.h */,
				33AC4BD61AAD222300438120 /* CashGift.m */,
			);
			name = Model;
			sourceTree = "<group>";
		};
		073B41DB1AA815A300139A10 /* API */ = {
			isa = PBXGroup;
			children = (
			);
			name = API;
			sourceTree = "<group>";
		};
		073B41DC1AA815B100139A10 /* View */ = {
			isa = PBXGroup;
			children = (
				0729D5BB1AB613BB00E7C26A /* SettingView */,
				9602DBE11AABD7380070CEB8 /* EventViewCell.h */,
				9602DBE21AABD7380070CEB8 /* EventViewCell.m */,
				9602DBE31AABD7380070CEB8 /* EventViewCell.xib */,
				9602DBEB1AACFDE20070CEB8 /* EventDetailViewCell.h */,
				9602DBEC1AACFDE20070CEB8 /* EventDetailViewCell.m */,
				9602DBED1AACFDE20070CEB8 /* EventDetailViewCell.xib */,
				9602DBF01AAD12F10070CEB8 /* EventDescriptionCell.h */,
				9602DBF11AAD12F10070CEB8 /* EventDescriptionCell.m */,
				9602DBF21AAD12F10070CEB8 /* EventDescriptionCell.xib */,
				33AC4BD81AAD226800438120 /* ProductGiftCell.h */,
				33AC4BD91AAD226800438120 /* ProductGiftCell.m */,
				33AC4BDA1AAD226800438120 /* ProductGiftCell.xib */,
				33AC4BDD1AAD227C00438120 /* CashGiftCell.h */,
				33AC4BDE1AAD227C00438120 /* CashGiftCell.m */,
				33AC4BDF1AAD227C00438120 /* CashGiftCell.xib */,
				07EB3EDC1AB00BFF007B1607 /* EventProductGiftCell.h */,
				07EB3EDD1AB00BFF007B1607 /* EventProductGiftCell.m */,
				07EB3EDE1AB00BFF007B1607 /* EventProductGiftCell.xib */,
				07EB3EE11AB00C27007B1607 /* EventCashGiftCell.h */,
				07EB3EE21AB00C27007B1607 /* EventCashGiftCell.m */,
				07EB3EE31AB00C27007B1607 /* EventCashGiftCell.xib */,
			);
			name = View;
			sourceTree = "<group>";
		};
		073B41DD1AA815BA00139A10 /* View Controllers */ = {
			isa = PBXGroup;
			children = (
				96AB29CD1AB6309E00FB64AD /* Event */,
				07C1D3061AB4F01600EF171D /* ViewControllerTransitionStyle */,
				33AC4BCE1AAD219900438120 /* Gift */,
				072FC3AF1AABA3C100E7A1D5 /* Product */,
				9602DBD11AA96C970070CEB8 /* LoginViewController.h */,
				9602DBD21AA96C970070CEB8 /* LoginViewController.m */,
				9602DBD31AA96C970070CEB8 /* LoginViewController.xib */,
				3344044A1AB40283008B2A73 /* MainViewController.h */,
				3344044B1AB40283008B2A73 /* MainViewController.m */,
				3344044C1AB40284008B2A73 /* MainViewController.xib */,
				0729D5B61AB60C6E00E7C26A /* SettingViewController.h */,
				0729D5B71AB60C6E00E7C26A /* SettingViewController.m */,
				0729D5B81AB60C6E00E7C26A /* SettingViewController.xib */,
			);
			name = "View Controllers";
			sourceTree = "<group>";
		};
		07C1D3061AB4F01600EF171D /* ViewControllerTransitionStyle */ = {
			isa = PBXGroup;
			children = (
				07C1D3071AB4F0CB00EF171D /* ModalViewTransition.h */,
				07C1D3081AB4F0CB00EF171D /* ModalViewTransition.m */,
				0729D5CB1AB638AC00E7C26A /* SideViewTransition.h */,
				0729D5CC1AB638AC00E7C26A /* SideViewTransition.m */,
			);
			name = ViewControllerTransitionStyle;
			sourceTree = "<group>";
		};
		33AC4BCE1AAD219900438120 /* Gift */ = {
			isa = PBXGroup;
			children = (
				33AC4BCF1AAD21B900438120 /* GiftListViewController.h */,
				33AC4BD01AAD21B900438120 /* GiftListViewController.m */,
				33AC4BD11AAD21B900438120 /* GiftListViewController.xib */,
				33AC4BE51AAD503900438120 /* AddCashGiftViewController.h */,
				33AC4BE61AAD503900438120 /* AddCashGiftViewController.m */,
				33AC4BE71AAD503900438120 /* AddCashGiftViewController.xib */,
				33AC4BEA1AAD531400438120 /* PayCashViewController.h */,
				33AC4BEB1AAD531400438120 /* PayCashViewController.m */,
				33AC4BEC1AAD531400438120 /* PayCashViewController.xib */,
			);
			name = Gift;
			sourceTree = "<group>";
		};
		4948AD42E08B503D3A371C65 /* Frameworks */ = {
			isa = PBXGroup;
			children = (
				96AB29CE1AB6313E00FB64AD /* EventKit.framework */,
				96AB29CF1AB6313E00FB64AD /* EventKitUI.framework */,
				31F1E81EBE4E83E81F5D889F /* libPods.a */,
			);
			name = Frameworks;
			sourceTree = "<group>";
		};
		96AB29CD1AB6309E00FB64AD /* Event */ = {
			isa = PBXGroup;
			children = (
				9602DBD61AAB51E50070CEB8 /* EventListViewController.h */,
				9602DBD71AAB51E50070CEB8 /* EventListViewController.m */,
				9602DBD81AAB51E50070CEB8 /* EventListViewController.xib */,
				9602DBE61AACEC640070CEB8 /* EventDetailViewController.h */,
				9602DBE71AACEC640070CEB8 /* EventDetailViewController.m */,
				9602DBE81AACEC640070CEB8 /* EventDetailViewController.xib */,
			);
			name = Event;
			sourceTree = "<group>";
		};
		D3923DAA5882719613D4CDA1 /* Pods */ = {
			isa = PBXGroup;
			children = (
				635D06DC3D813B3F2FA6652E /* Pods.debug.xcconfig */,
				5D6C28483687981AD2731B10 /* Pods.release.xcconfig */,
			);
			name = Pods;
			sourceTree = "<group>";
		};
/* End PBXGroup section */

/* Begin PBXNativeTarget section */
		073B41B01AA8157400139A10 /* giftlr */ = {
			isa = PBXNativeTarget;
			buildConfigurationList = 073B41D41AA8157500139A10 /* Build configuration list for PBXNativeTarget "giftlr" */;
			buildPhases = (
				FD86F78EB158EE063A6FAE54 /* Check Pods Manifest.lock */,
				073B41AD1AA8157400139A10 /* Sources */,
				073B41AE1AA8157400139A10 /* Frameworks */,
				073B41AF1AA8157400139A10 /* Resources */,
				705331B19AF7440BB486A1CB /* Copy Pods Resources */,
			);
			buildRules = (
			);
			dependencies = (
			);
			name = giftlr;
			productName = giftlr;
			productReference = 073B41B11AA8157400139A10 /* giftlr.app */;
			productType = "com.apple.product-type.application";
		};
		073B41C91AA8157500139A10 /* giftlrTests */ = {
			isa = PBXNativeTarget;
			buildConfigurationList = 073B41D71AA8157500139A10 /* Build configuration list for PBXNativeTarget "giftlrTests" */;
			buildPhases = (
				073B41C61AA8157500139A10 /* Sources */,
				073B41C71AA8157500139A10 /* Frameworks */,
				073B41C81AA8157500139A10 /* Resources */,
			);
			buildRules = (
			);
			dependencies = (
				073B41CC1AA8157500139A10 /* PBXTargetDependency */,
			);
			name = giftlrTests;
			productName = giftlrTests;
			productReference = 073B41CA1AA8157500139A10 /* giftlrTests.xctest */;
			productType = "com.apple.product-type.bundle.unit-test";
		};
/* End PBXNativeTarget section */

/* Begin PBXProject section */
		073B41A91AA8157400139A10 /* Project object */ = {
			isa = PBXProject;
			attributes = {
				LastUpgradeCheck = 0610;
				ORGANIZATIONNAME = kenayi;
				TargetAttributes = {
					073B41B01AA8157400139A10 = {
						CreatedOnToolsVersion = 6.1.1;
					};
					073B41C91AA8157500139A10 = {
						CreatedOnToolsVersion = 6.1.1;
						TestTargetID = 073B41B01AA8157400139A10;
					};
				};
			};
			buildConfigurationList = 073B41AC1AA8157400139A10 /* Build configuration list for PBXProject "giftlr" */;
			compatibilityVersion = "Xcode 3.2";
			developmentRegion = English;
			hasScannedForEncodings = 0;
			knownRegions = (
				en,
				Base,
			);
			mainGroup = 073B41A81AA8157400139A10;
			productRefGroup = 073B41B21AA8157400139A10 /* Products */;
			projectDirPath = "";
			projectRoot = "";
			targets = (
				073B41B01AA8157400139A10 /* giftlr */,
				073B41C91AA8157500139A10 /* giftlrTests */,
			);
		};
/* End PBXProject section */

/* Begin PBXResourcesBuildPhase section */
		073B41AF1AA8157400139A10 /* Resources */ = {
			isa = PBXResourcesBuildPhase;
			buildActionMask = 2147483647;
			files = (
				073B41C51AA8157500139A10 /* LaunchScreen.xib in Resources */,
				9602DBDA1AAB51E50070CEB8 /* EventListViewController.xib in Resources */,
				9602DBEF1AACFDE20070CEB8 /* EventDetailViewCell.xib in Resources */,
				0729D5C01AB6149600E7C26A /* SettingMenuHeaderView.xib in Resources */,
				9602DBEA1AACEC640070CEB8 /* EventDetailViewController.xib in Resources */,
				0729D5CA1AB6173A00E7C26A /* SettingMenuTableViewCell.xib in Resources */,
				0760AF2E1AAEBC2C008CF2F3 /* Images.xcassets in Resources */,
				9602DBE51AABD7380070CEB8 /* EventViewCell.xib in Resources */,
				9602DBF41AAD12F10070CEB8 /* EventDescriptionCell.xib in Resources */,
				0729D5BA1AB60C6E00E7C26A /* SettingViewController.xib in Resources */,
				3344044E1AB40284008B2A73 /* MainViewController.xib in Resources */,
				33AC4BEE1AAD531400438120 /* PayCashViewController.xib in Resources */,
				07EB3EE51AB00C27007B1607 /* EventCashGiftCell.xib in Resources */,
				33AC4BE11AAD227C00438120 /* CashGiftCell.xib in Resources */,
				33AC4BD31AAD21B900438120 /* GiftListViewController.xib in Resources */,
				073E022C1AAB9044007778F4 /* Html in Resources */,
				073E02271AAB856B007778F4 /* ProductSearchViewController.xib in Resources */,
				9602DBD51AA96C970070CEB8 /* LoginViewController.xib in Resources */,
				07E52B831AAD37B700B67296 /* PurchaseViewController.xib in Resources */,
				0760AF2F1AAEBC2C008CF2F3 /* ProductDetailViewController.xib in Resources */,
				33AC4BE91AAD503900438120 /* AddCashGiftViewController.xib in Resources */,
				07EB3EE01AB00BFF007B1607 /* EventProductGiftCell.xib in Resources */,
				33AC4BDC1AAD226800438120 /* ProductGiftCell.xib in Resources */,
			);
			runOnlyForDeploymentPostprocessing = 0;
		};
		073B41C81AA8157500139A10 /* Resources */ = {
			isa = PBXResourcesBuildPhase;
			buildActionMask = 2147483647;
			files = (
			);
			runOnlyForDeploymentPostprocessing = 0;
		};
/* End PBXResourcesBuildPhase section */

/* Begin PBXShellScriptBuildPhase section */
		705331B19AF7440BB486A1CB /* Copy Pods Resources */ = {
			isa = PBXShellScriptBuildPhase;
			buildActionMask = 2147483647;
			files = (
			);
			inputPaths = (
			);
			name = "Copy Pods Resources";
			outputPaths = (
			);
			runOnlyForDeploymentPostprocessing = 0;
			shellPath = /bin/sh;
			shellScript = "\"${SRCROOT}/Pods/Target Support Files/Pods/Pods-resources.sh\"\n";
			showEnvVarsInLog = 0;
		};
		FD86F78EB158EE063A6FAE54 /* Check Pods Manifest.lock */ = {
			isa = PBXShellScriptBuildPhase;
			buildActionMask = 2147483647;
			files = (
			);
			inputPaths = (
			);
			name = "Check Pods Manifest.lock";
			outputPaths = (
			);
			runOnlyForDeploymentPostprocessing = 0;
			shellPath = /bin/sh;
			shellScript = "diff \"${PODS_ROOT}/../Podfile.lock\" \"${PODS_ROOT}/Manifest.lock\" > /dev/null\nif [[ $? != 0 ]] ; then\n    cat << EOM\nerror: The sandbox is not in sync with the Podfile.lock. Run 'pod install' or update your CocoaPods installation.\nEOM\n    exit 1\nfi\n";
			showEnvVarsInLog = 0;
		};
/* End PBXShellScriptBuildPhase section */

/* Begin PBXSourcesBuildPhase section */
		073B41AD1AA8157400139A10 /* Sources */ = {
			isa = PBXSourcesBuildPhase;
			buildActionMask = 2147483647;
			files = (
				9602DBE01AABAFCB0070CEB8 /* Event.m in Sources */,
				9602DBDD1AAB8E530070CEB8 /* User.m in Sources */,
				07EB3EE41AB00C27007B1607 /* EventCashGiftCell.m in Sources */,
				0729D5B91AB60C6E00E7C26A /* SettingViewController.m in Sources */,
				07C1D3091AB4F0CB00EF171D /* ModalViewTransition.m in Sources */,
				9602DBE91AACEC640070CEB8 /* EventDetailViewController.m in Sources */,
				9602DBF31AAD12F10070CEB8 /* EventDescriptionCell.m in Sources */,
				073B41BA1AA8157400139A10 /* AppDelegate.m in Sources */,
				0729D5BE1AB6141D00E7C26A /* SettingMenuHeaderView.m in Sources */,
				9602DBD91AAB51E50070CEB8 /* EventListViewController.m in Sources */,
				9602DBEE1AACFDE20070CEB8 /* EventDetailViewCell.m in Sources */,
				9602DBE41AABD7380070CEB8 /* EventViewCell.m in Sources */,
				33AC4BDB1AAD226800438120 /* ProductGiftCell.m in Sources */,
				072FC3B31AABA3E300E7A1D5 /* ProductDetailViewController.m in Sources */,
				33AC4BD71AAD222300438120 /* CashGift.m in Sources */,
				3344044D1AB40284008B2A73 /* MainViewController.m in Sources */,
				07EB3EDF1AB00BFF007B1607 /* EventProductGiftCell.m in Sources */,
				072FC3BD1AABEB7600E7A1D5 /* ParsePattern.m in Sources */,
				33AC4BD21AAD21B900438120 /* GiftListViewController.m in Sources */,
				072FC3BA1AABC6A300E7A1D5 /* ProductHTMLParser.m in Sources */,
				073B41B71AA8157400139A10 /* main.m in Sources */,
				33AC4BE81AAD503900438120 /* AddCashGiftViewController.m in Sources */,
				9602DC011AB2C4C10070CEB8 /* UIColor+giftlr.m in Sources */,
				073E02261AAB856B007778F4 /* ProductSearchViewController.m in Sources */,
				07E52B821AAD37B700B67296 /* PurchaseViewController.m in Sources */,
				0729D5C91AB6173A00E7C26A /* SettingMenuTableViewCell.m in Sources */,
				9602DBD41AA96C970070CEB8 /* LoginViewController.m in Sources */,
				0729D5CD1AB638AC00E7C26A /* SideViewTransition.m in Sources */,
				33AC4BE01AAD227C00438120 /* CashGiftCell.m in Sources */,
				33AC4BED1AAD531400438120 /* PayCashViewController.m in Sources */,
				072FC3B71AABBDCD00E7A1D5 /* ProductGift.m in Sources */,
			);
			runOnlyForDeploymentPostprocessing = 0;
		};
		073B41C61AA8157500139A10 /* Sources */ = {
			isa = PBXSourcesBuildPhase;
			buildActionMask = 2147483647;
			files = (
				073B41D11AA8157500139A10 /* giftlrTests.m in Sources */,
			);
			runOnlyForDeploymentPostprocessing = 0;
		};
/* End PBXSourcesBuildPhase section */

/* Begin PBXTargetDependency section */
		073B41CC1AA8157500139A10 /* PBXTargetDependency */ = {
			isa = PBXTargetDependency;
			target = 073B41B01AA8157400139A10 /* giftlr */;
			targetProxy = 073B41CB1AA8157500139A10 /* PBXContainerItemProxy */;
		};
/* End PBXTargetDependency section */

/* Begin PBXVariantGroup section */
		073B41C31AA8157500139A10 /* LaunchScreen.xib */ = {
			isa = PBXVariantGroup;
			children = (
				073B41C41AA8157500139A10 /* Base */,
			);
			name = LaunchScreen.xib;
			sourceTree = "<group>";
		};
/* End PBXVariantGroup section */

/* Begin XCBuildConfiguration section */
		073B41D21AA8157500139A10 /* Debug */ = {
			isa = XCBuildConfiguration;
			buildSettings = {
				ALWAYS_SEARCH_USER_PATHS = NO;
				CLANG_CXX_LANGUAGE_STANDARD = "gnu++0x";
				CLANG_CXX_LIBRARY = "libc++";
				CLANG_ENABLE_MODULES = YES;
				CLANG_ENABLE_OBJC_ARC = YES;
				CLANG_WARN_BOOL_CONVERSION = YES;
				CLANG_WARN_CONSTANT_CONVERSION = YES;
				CLANG_WARN_DIRECT_OBJC_ISA_USAGE = YES_ERROR;
				CLANG_WARN_EMPTY_BODY = YES;
				CLANG_WARN_ENUM_CONVERSION = YES;
				CLANG_WARN_INT_CONVERSION = YES;
				CLANG_WARN_OBJC_ROOT_CLASS = YES_ERROR;
				CLANG_WARN_UNREACHABLE_CODE = YES;
				CLANG_WARN__DUPLICATE_METHOD_MATCH = YES;
				"CODE_SIGN_IDENTITY[sdk=iphoneos*]" = "iPhone Developer";
				COPY_PHASE_STRIP = NO;
				ENABLE_STRICT_OBJC_MSGSEND = YES;
				GCC_C_LANGUAGE_STANDARD = gnu99;
				GCC_DYNAMIC_NO_PIC = NO;
				GCC_OPTIMIZATION_LEVEL = 0;
				GCC_PREPROCESSOR_DEFINITIONS = (
					"DEBUG=1",
					"$(inherited)",
				);
				GCC_SYMBOLS_PRIVATE_EXTERN = NO;
				GCC_WARN_64_TO_32_BIT_CONVERSION = YES;
				GCC_WARN_ABOUT_RETURN_TYPE = YES_ERROR;
				GCC_WARN_UNDECLARED_SELECTOR = YES;
				GCC_WARN_UNINITIALIZED_AUTOS = YES_AGGRESSIVE;
				GCC_WARN_UNUSED_FUNCTION = YES;
				GCC_WARN_UNUSED_VARIABLE = YES;
				IPHONEOS_DEPLOYMENT_TARGET = 8.1;
				MTL_ENABLE_DEBUG_INFO = YES;
				ONLY_ACTIVE_ARCH = YES;
				SDKROOT = iphoneos;
			};
			name = Debug;
		};
		073B41D31AA8157500139A10 /* Release */ = {
			isa = XCBuildConfiguration;
			buildSettings = {
				ALWAYS_SEARCH_USER_PATHS = NO;
				CLANG_CXX_LANGUAGE_STANDARD = "gnu++0x";
				CLANG_CXX_LIBRARY = "libc++";
				CLANG_ENABLE_MODULES = YES;
				CLANG_ENABLE_OBJC_ARC = YES;
				CLANG_WARN_BOOL_CONVERSION = YES;
				CLANG_WARN_CONSTANT_CONVERSION = YES;
				CLANG_WARN_DIRECT_OBJC_ISA_USAGE = YES_ERROR;
				CLANG_WARN_EMPTY_BODY = YES;
				CLANG_WARN_ENUM_CONVERSION = YES;
				CLANG_WARN_INT_CONVERSION = YES;
				CLANG_WARN_OBJC_ROOT_CLASS = YES_ERROR;
				CLANG_WARN_UNREACHABLE_CODE = YES;
				CLANG_WARN__DUPLICATE_METHOD_MATCH = YES;
				"CODE_SIGN_IDENTITY[sdk=iphoneos*]" = "iPhone Developer";
				COPY_PHASE_STRIP = YES;
				ENABLE_NS_ASSERTIONS = NO;
				ENABLE_STRICT_OBJC_MSGSEND = YES;
				GCC_C_LANGUAGE_STANDARD = gnu99;
				GCC_WARN_64_TO_32_BIT_CONVERSION = YES;
				GCC_WARN_ABOUT_RETURN_TYPE = YES_ERROR;
				GCC_WARN_UNDECLARED_SELECTOR = YES;
				GCC_WARN_UNINITIALIZED_AUTOS = YES_AGGRESSIVE;
				GCC_WARN_UNUSED_FUNCTION = YES;
				GCC_WARN_UNUSED_VARIABLE = YES;
				IPHONEOS_DEPLOYMENT_TARGET = 8.1;
				MTL_ENABLE_DEBUG_INFO = NO;
				SDKROOT = iphoneos;
				VALIDATE_PRODUCT = YES;
			};
			name = Release;
		};
		073B41D51AA8157500139A10 /* Debug */ = {
			isa = XCBuildConfiguration;
			baseConfigurationReference = 635D06DC3D813B3F2FA6652E /* Pods.debug.xcconfig */;
			buildSettings = {
				ASSETCATALOG_COMPILER_APPICON_NAME = AppIcon;
				INFOPLIST_FILE = giftlr/Info.plist;
				LD_RUNPATH_SEARCH_PATHS = "$(inherited) @executable_path/Frameworks";
				PRODUCT_NAME = "$(TARGET_NAME)";
			};
			name = Debug;
		};
		073B41D61AA8157500139A10 /* Release */ = {
			isa = XCBuildConfiguration;
			baseConfigurationReference = 5D6C28483687981AD2731B10 /* Pods.release.xcconfig */;
			buildSettings = {
				ASSETCATALOG_COMPILER_APPICON_NAME = AppIcon;
				INFOPLIST_FILE = giftlr/Info.plist;
				LD_RUNPATH_SEARCH_PATHS = "$(inherited) @executable_path/Frameworks";
				PRODUCT_NAME = "$(TARGET_NAME)";
			};
			name = Release;
		};
		073B41D81AA8157500139A10 /* Debug */ = {
			isa = XCBuildConfiguration;
			buildSettings = {
				BUNDLE_LOADER = "$(TEST_HOST)";
				FRAMEWORK_SEARCH_PATHS = (
					"$(SDKROOT)/Developer/Library/Frameworks",
					"$(inherited)",
				);
				GCC_PREPROCESSOR_DEFINITIONS = (
					"DEBUG=1",
					"$(inherited)",
				);
				INFOPLIST_FILE = giftlrTests/Info.plist;
				LD_RUNPATH_SEARCH_PATHS = "$(inherited) @executable_path/Frameworks @loader_path/Frameworks";
				PRODUCT_NAME = "$(TARGET_NAME)";
				TEST_HOST = "$(BUILT_PRODUCTS_DIR)/giftlr.app/giftlr";
			};
			name = Debug;
		};
		073B41D91AA8157500139A10 /* Release */ = {
			isa = XCBuildConfiguration;
			buildSettings = {
				BUNDLE_LOADER = "$(TEST_HOST)";
				FRAMEWORK_SEARCH_PATHS = (
					"$(SDKROOT)/Developer/Library/Frameworks",
					"$(inherited)",
				);
				INFOPLIST_FILE = giftlrTests/Info.plist;
				LD_RUNPATH_SEARCH_PATHS = "$(inherited) @executable_path/Frameworks @loader_path/Frameworks";
				PRODUCT_NAME = "$(TARGET_NAME)";
				TEST_HOST = "$(BUILT_PRODUCTS_DIR)/giftlr.app/giftlr";
			};
			name = Release;
		};
/* End XCBuildConfiguration section */

/* Begin XCConfigurationList section */
		073B41AC1AA8157400139A10 /* Build configuration list for PBXProject "giftlr" */ = {
			isa = XCConfigurationList;
			buildConfigurations = (
				073B41D21AA8157500139A10 /* Debug */,
				073B41D31AA8157500139A10 /* Release */,
			);
			defaultConfigurationIsVisible = 0;
			defaultConfigurationName = Release;
		};
		073B41D41AA8157500139A10 /* Build configuration list for PBXNativeTarget "giftlr" */ = {
			isa = XCConfigurationList;
			buildConfigurations = (
				073B41D51AA8157500139A10 /* Debug */,
				073B41D61AA8157500139A10 /* Release */,
			);
			defaultConfigurationIsVisible = 0;
			defaultConfigurationName = Release;
		};
		073B41D71AA8157500139A10 /* Build configuration list for PBXNativeTarget "giftlrTests" */ = {
			isa = XCConfigurationList;
			buildConfigurations = (
				073B41D81AA8157500139A10 /* Debug */,
				073B41D91AA8157500139A10 /* Release */,
			);
			defaultConfigurationIsVisible = 0;
			defaultConfigurationName = Release;
		};
/* End XCConfigurationList section */
	};
	rootObject = 073B41A91AA8157400139A10 /* Project object */;
}
