// !$*UTF8*$!
{
	archiveVersion = 1;
	classes = {
	};
	objectVersion = 46;
	objects = {

/* Begin PBXBuildFile section */
		073B41B71AA8157400139A10 /* main.m in Sources */ = {isa = PBXBuildFile; fileRef = 073B41B61AA8157400139A10 /* main.m */; };
		073B41BA1AA8157400139A10 /* AppDelegate.m in Sources */ = {isa = PBXBuildFile; fileRef = 073B41B91AA8157400139A10 /* AppDelegate.m */; };
		073B41BD1AA8157400139A10 /* ViewController.m in Sources */ = {isa = PBXBuildFile; fileRef = 073B41BC1AA8157400139A10 /* ViewController.m */; };
		073B41C01AA8157500139A10 /* Main.storyboard in Resources */ = {isa = PBXBuildFile; fileRef = 073B41BE1AA8157500139A10 /* Main.storyboard */; };
		073B41C21AA8157500139A10 /* Images.xcassets in Resources */ = {isa = PBXBuildFile; fileRef = 073B41C11AA8157500139A10 /* Images.xcassets */; };
		073B41C51AA8157500139A10 /* LaunchScreen.xib in Resources */ = {isa = PBXBuildFile; fileRef = 073B41C31AA8157500139A10 /* LaunchScreen.xib */; };
		073B41D11AA8157500139A10 /* giftlrTests.m in Sources */ = {isa = PBXBuildFile; fileRef = 073B41D01AA8157500139A10 /* giftlrTests.m */; };
/* End PBXBuildFile section */

/* Begin PBXContainerItemProxy section */
		073B41CB1AA8157500139A10 /* PBXContainerItemProxy */ = {
			isa = PBXContainerItemProxy;
			containerPortal = 073B41A91AA8157400139A10 /* Project object */;
			proxyType = 1;
			remoteGlobalIDString = 073B41B01AA8157400139A10;
			remoteInfo = giftlr;
		};
/* End PBXContainerItemProxy section */

/* Begin PBXFileReference section */
		073B41B11AA8157400139A10 /* giftlr.app */ = {isa = PBXFileReference; explicitFileType = wrapper.application; includeInIndex = 0; path = giftlr.app; sourceTree = BUILT_PRODUCTS_DIR; };
		073B41B51AA8157400139A10 /* Info.plist */ = {isa = PBXFileReference; lastKnownFileType = text.plist.xml; path = Info.plist; sourceTree = "<group>"; };
		073B41B61AA8157400139A10 /* main.m */ = {isa = PBXFileReference; lastKnownFileType = sourcecode.c.objc; path = main.m; sourceTree = "<group>"; };
		073B41B81AA8157400139A10 /* AppDelegate.h */ = {isa = PBXFileReference; lastKnownFileType = sourcecode.c.h; path = AppDelegate.h; sourceTree = "<group>"; };
		073B41B91AA8157400139A10 /* AppDelegate.m */ = {isa = PBXFileReference; lastKnownFileType = sourcecode.c.objc; path = AppDelegate.m; sourceTree = "<group>"; };
		073B41BB1AA8157400139A10 /* ViewController.h */ = {isa = PBXFileReference; lastKnownFileType = sourcecode.c.h; path = ViewController.h; sourceTree = "<group>"; };
		073B41BC1AA8157400139A10 /* ViewController.m */ = {isa = PBXFileReference; lastKnownFileType = sourcecode.c.objc; path = ViewController.m; sourceTree = "<group>"; };
		073B41BF1AA8157500139A10 /* Base */ = {isa = PBXFileReference; lastKnownFileType = file.storyboard; name = Base; path = Base.lproj/Main.storyboard; sourceTree = "<group>"; };
		073B41C11AA8157500139A10 /* Images.xcassets */ = {isa = PBXFileReference; lastKnownFileType = folder.assetcatalog; path = Images.xcassets; sourceTree = "<group>"; };
		073B41C41AA8157500139A10 /* Base */ = {isa = PBXFileReference; lastKnownFileType = file.xib; name = Base; path = Base.lproj/LaunchScreen.xib; sourceTree = "<group>"; };
		073B41CA1AA8157500139A10 /* giftlrTests.xctest */ = {isa = PBXFileReference; explicitFileType = wrapper.cfbundle; includeInIndex = 0; path = giftlrTests.xctest; sourceTree = BUILT_PRODUCTS_DIR; };
		073B41CF1AA8157500139A10 /* Info.plist */ = {isa = PBXFileReference; lastKnownFileType = text.plist.xml; path = Info.plist; sourceTree = "<group>"; };
		073B41D01AA8157500139A10 /* giftlrTests.m */ = {isa = PBXFileReference; lastKnownFileType = sourcecode.c.objc; path = giftlrTests.m; sourceTree = "<group>"; };
/* End PBXFileReference section */

/* Begin PBXFrameworksBuildPhase section */
		073B41AE1AA8157400139A10 /* Frameworks */ = {
			isa = PBXFrameworksBuildPhase;
			buildActionMask = 2147483647;
			files = (
			);
			runOnlyForDeploymentPostprocessing = 0;
		};
		073B41C71AA8157500139A10 /* Frameworks */ = {
			isa = PBXFrameworksBuildPhase;
			buildActionMask = 2147483647;
			files = (
			);
			runOnlyForDeploymentPostprocessing = 0;
		};
/* End PBXFrameworksBuildPhase section */

/* Begin PBXGroup section */
		073B41A81AA8157400139A10 = {
			isa = PBXGroup;
			children = (
				073B41B31AA8157400139A10 /* giftlr */,
				073B41CD1AA8157500139A10 /* giftlrTests */,
				073B41B21AA8157400139A10 /* Products */,
			);
			sourceTree = "<group>";
		};
		073B41B21AA8157400139A10 /* Products */ = {
			isa = PBXGroup;
			children = (
				073B41B11AA8157400139A10 /* giftlr.app */,
				073B41CA1AA8157500139A10 /* giftlrTests.xctest */,
			);
			name = Products;
			sourceTree = "<group>";
		};
		073B41B31AA8157400139A10 /* giftlr */ = {
			isa = PBXGroup;
			children = (
				073B41B81AA8157400139A10 /* AppDelegate.h */,
				073B41B91AA8157400139A10 /* AppDelegate.m */,
				073B41BB1AA8157400139A10 /* ViewController.h */,
				073B41BC1AA8157400139A10 /* ViewController.m */,
				073B41BE1AA8157500139A10 /* Main.storyboard */,
				073B41C11AA8157500139A10 /* Images.xcassets */,
				073B41C31AA8157500139A10 /* LaunchScreen.xib */,
				073B41B41AA8157400139A10 /* Supporting Files */,
			);
			path = giftlr;
			sourceTree = "<group>";
		};
		073B41B41AA8157400139A10 /* Supporting Files */ = {
			isa = PBXGroup;
			children = (
				073B41B51AA8157400139A10 /* Info.plist */,
				073B41B61AA8157400139A10 /* main.m */,
			);
			name = "Supporting Files";
			sourceTree = "<group>";
		};
		073B41CD1AA8157500139A10 /* giftlrTests */ = {
			isa = PBXGroup;
			children = (
				073B41D01AA8157500139A10 /* giftlrTests.m */,
				073B41CE1AA8157500139A10 /* Supporting Files */,
			);
			path = giftlrTests;
			sourceTree = "<group>";
		};
		073B41CE1AA8157500139A10 /* Supporting Files */ = {
			isa = PBXGroup;
			children = (
				073B41CF1AA8157500139A10 /* Info.plist */,
			);
			name = "Supporting Files";
			sourceTree = "<group>";
		};
/* End PBXGroup section */

/* Begin PBXNativeTarget section */
		073B41B01AA8157400139A10 /* giftlr */ = {
			isa = PBXNativeTarget;
			buildConfigurationList = 073B41D41AA8157500139A10 /* Build configuration list for PBXNativeTarget "giftlr" */;
			buildPhases = (
				073B41AD1AA8157400139A10 /* Sources */,
				073B41AE1AA8157400139A10 /* Frameworks */,
				073B41AF1AA8157400139A10 /* Resources */,
			);
			buildRules = (
			);
			dependencies = (
			);
			name = giftlr;
			productName = giftlr;
			productReference = 073B41B11AA8157400139A10 /* giftlr.app */;
			productType = "com.apple.product-type.application";
		};
		073B41C91AA8157500139A10 /* giftlrTests */ = {
			isa = PBXNativeTarget;
			buildConfigurationList = 073B41D71AA8157500139A10 /* Build configuration list for PBXNativeTarget "giftlrTests" */;
			buildPhases = (
				073B41C61AA8157500139A10 /* Sources */,
				073B41C71AA8157500139A10 /* Frameworks */,
				073B41C81AA8157500139A10 /* Resources */,
			);
			buildRules = (
			);
			dependencies = (
				073B41CC1AA8157500139A10 /* PBXTargetDependency */,
			);
			name = giftlrTests;
			productName = giftlrTests;
			productReference = 073B41CA1AA8157500139A10 /* giftlrTests.xctest */;
			productType = "com.apple.product-type.bundle.unit-test";
		};
/* End PBXNativeTarget section */

/* Begin PBXProject section */
		073B41A91AA8157400139A10 /* Project object */ = {
			isa = PBXProject;
			attributes = {
				LastUpgradeCheck = 0610;
				ORGANIZATIONNAME = kenayi;
				TargetAttributes = {
					073B41B01AA8157400139A10 = {
						CreatedOnToolsVersion = 6.1.1;
					};
					073B41C91AA8157500139A10 = {
						CreatedOnToolsVersion = 6.1.1;
						TestTargetID = 073B41B01AA8157400139A10;
					};
				};
			};
			buildConfigurationList = 073B41AC1AA8157400139A10 /* Build configuration list for PBXProject "giftlr" */;
			compatibilityVersion = "Xcode 3.2";
			developmentRegion = English;
			hasScannedForEncodings = 0;
			knownRegions = (
				en,
				Base,
			);
			mainGroup = 073B41A81AA8157400139A10;
			productRefGroup = 073B41B21AA8157400139A10 /* Products */;
			projectDirPath = "";
			projectRoot = "";
			targets = (
				073B41B01AA8157400139A10 /* giftlr */,
				073B41C91AA8157500139A10 /* giftlrTests */,
			);
		};
/* End PBXProject section */

/* Begin PBXResourcesBuildPhase section */
		073B41AF1AA8157400139A10 /* Resources */ = {
			isa = PBXResourcesBuildPhase;
			buildActionMask = 2147483647;
			files = (
				073B41C01AA8157500139A10 /* Main.storyboard in Resources */,
				073B41C51AA8157500139A10 /* LaunchScreen.xib in Resources */,
				073B41C21AA8157500139A10 /* Images.xcassets in Resources */,
			);
			runOnlyForDeploymentPostprocessing = 0;
		};
		073B41C81AA8157500139A10 /* Resources */ = {
			isa = PBXResourcesBuildPhase;
			buildActionMask = 2147483647;
			files = (
			);
			runOnlyForDeploymentPostprocessing = 0;
		};
/* End PBXResourcesBuildPhase section */

/* Begin PBXSourcesBuildPhase section */
		073B41AD1AA8157400139A10 /* Sources */ = {
			isa = PBXSourcesBuildPhase;
			buildActionMask = 2147483647;
			files = (
				073B41BD1AA8157400139A10 /* ViewController.m in Sources */,
				073B41BA1AA8157400139A10 /* AppDelegate.m in Sources */,
				073B41B71AA8157400139A10 /* main.m in Sources */,
			);
			runOnlyForDeploymentPostprocessing = 0;
		};
		073B41C61AA8157500139A10 /* Sources */ = {
			isa = PBXSourcesBuildPhase;
			buildActionMask = 2147483647;
			files = (
				073B41D11AA8157500139A10 /* giftlrTests.m in Sources */,
			);
			runOnlyForDeploymentPostprocessing = 0;
		};
/* End PBXSourcesBuildPhase section */

/* Begin PBXTargetDependency section */
		073B41CC1AA8157500139A10 /* PBXTargetDependency */ = {
			isa = PBXTargetDependency;
			target = 073B41B01AA8157400139A10 /* giftlr */;
			targetProxy = 073B41CB1AA8157500139A10 /* PBXContainerItemProxy */;
		};
/* End PBXTargetDependency section */

/* Begin PBXVariantGroup section */
		073B41BE1AA8157500139A10 /* Main.storyboard */ = {
			isa = PBXVariantGroup;
			children = (
				073B41BF1AA8157500139A10 /* Base */,
			);
			name = Main.storyboard;
			sourceTree = "<group>";
		};
		073B41C31AA8157500139A10 /* LaunchScreen.xib */ = {
			isa = PBXVariantGroup;
			children = (
				073B41C41AA8157500139A10 /* Base */,
			);
			name = LaunchScreen.xib;
			sourceTree = "<group>";
		};
/* End PBXVariantGroup section */

/* Begin XCBuildConfiguration section */
		073B41D21AA8157500139A10 /* Debug */ = {
			isa = XCBuildConfiguration;
			buildSettings = {
				ALWAYS_SEARCH_USER_PATHS = NO;
				CLANG_CXX_LANGUAGE_STANDARD = "gnu++0x";
				CLANG_CXX_LIBRARY = "libc++";
				CLANG_ENABLE_MODULES = YES;
				CLANG_ENABLE_OBJC_ARC = YES;
				CLANG_WARN_BOOL_CONVERSION = YES;
				CLANG_WARN_CONSTANT_CONVERSION = YES;
				CLANG_WARN_DIRECT_OBJC_ISA_USAGE = YES_ERROR;
				CLANG_WARN_EMPTY_BODY = YES;
				CLANG_WARN_ENUM_CONVERSION = YES;
				CLANG_WARN_INT_CONVERSION = YES;
				CLANG_WARN_OBJC_ROOT_CLASS = YES_ERROR;
				CLANG_WARN_UNREACHABLE_CODE = YES;
				CLANG_WARN__DUPLICATE_METHOD_MATCH = YES;
				"CODE_SIGN_IDENTITY[sdk=iphoneos*]" = "iPhone Developer";
				COPY_PHASE_STRIP = NO;
				ENABLE_STRICT_OBJC_MSGSEND = YES;
				GCC_C_LANGUAGE_STANDARD = gnu99;
				GCC_DYNAMIC_NO_PIC = NO;
				GCC_OPTIMIZATION_LEVEL = 0;
				GCC_PREPROCESSOR_DEFINITIONS = (
					"DEBUG=1",
					"$(inherited)",
				);
				GCC_SYMBOLS_PRIVATE_EXTERN = NO;
				GCC_WARN_64_TO_32_BIT_CONVERSION = YES;
				GCC_WARN_ABOUT_RETURN_TYPE = YES_ERROR;
				GCC_WARN_UNDECLARED_SELECTOR = YES;
				GCC_WARN_UNINITIALIZED_AUTOS = YES_AGGRESSIVE;
				GCC_WARN_UNUSED_FUNCTION = YES;
				GCC_WARN_UNUSED_VARIABLE = YES;
				IPHONEOS_DEPLOYMENT_TARGET = 8.1;
				MTL_ENABLE_DEBUG_INFO = YES;
				ONLY_ACTIVE_ARCH = YES;
				SDKROOT = iphoneos;
			};
			name = Debug;
		};
		073B41D31AA8157500139A10 /* Release */ = {
			isa = XCBuildConfiguration;
			buildSettings = {
				ALWAYS_SEARCH_USER_PATHS = NO;
				CLANG_CXX_LANGUAGE_STANDARD = "gnu++0x";
				CLANG_CXX_LIBRARY = "libc++";
				CLANG_ENABLE_MODULES = YES;
				CLANG_ENABLE_OBJC_ARC = YES;
				CLANG_WARN_BOOL_CONVERSION = YES;
				CLANG_WARN_CONSTANT_CONVERSION = YES;
				CLANG_WARN_DIRECT_OBJC_ISA_USAGE = YES_ERROR;
				CLANG_WARN_EMPTY_BODY = YES;
				CLANG_WARN_ENUM_CONVERSION = YES;
				CLANG_WARN_INT_CONVERSION = YES;
				CLANG_WARN_OBJC_ROOT_CLASS = YES_ERROR;
				CLANG_WARN_UNREACHABLE_CODE = YES;
				CLANG_WARN__DUPLICATE_METHOD_MATCH = YES;
				"CODE_SIGN_IDENTITY[sdk=iphoneos*]" = "iPhone Developer";
				COPY_PHASE_STRIP = YES;
				ENABLE_NS_ASSERTIONS = NO;
				ENABLE_STRICT_OBJC_MSGSEND = YES;
				GCC_C_LANGUAGE_STANDARD = gnu99;
				GCC_WARN_64_TO_32_BIT_CONVERSION = YES;
				GCC_WARN_ABOUT_RETURN_TYPE = YES_ERROR;
				GCC_WARN_UNDECLARED_SELECTOR = YES;
				GCC_WARN_UNINITIALIZED_AUTOS = YES_AGGRESSIVE;
				GCC_WARN_UNUSED_FUNCTION = YES;
				GCC_WARN_UNUSED_VARIABLE = YES;
				IPHONEOS_DEPLOYMENT_TARGET = 8.1;
				MTL_ENABLE_DEBUG_INFO = NO;
				SDKROOT = iphoneos;
				VALIDATE_PRODUCT = YES;
			};
			name = Release;
		};
		073B41D51AA8157500139A10 /* Debug */ = {
			isa = XCBuildConfiguration;
			buildSettings = {
				ASSETCATALOG_COMPILER_APPICON_NAME = AppIcon;
				INFOPLIST_FILE = giftlr/Info.plist;
				LD_RUNPATH_SEARCH_PATHS = "$(inherited) @executable_path/Frameworks";
				PRODUCT_NAME = "$(TARGET_NAME)";
			};
			name = Debug;
		};
		073B41D61AA8157500139A10 /* Release */ = {
			isa = XCBuildConfiguration;
			buildSettings = {
				ASSETCATALOG_COMPILER_APPICON_NAME = AppIcon;
				INFOPLIST_FILE = giftlr/Info.plist;
				LD_RUNPATH_SEARCH_PATHS = "$(inherited) @executable_path/Frameworks";
				PRODUCT_NAME = "$(TARGET_NAME)";
			};
			name = Release;
		};
		073B41D81AA8157500139A10 /* Debug */ = {
			isa = XCBuildConfiguration;
			buildSettings = {
				BUNDLE_LOADER = "$(TEST_HOST)";
				FRAMEWORK_SEARCH_PATHS = (
					"$(SDKROOT)/Developer/Library/Frameworks",
					"$(inherited)",
				);
				GCC_PREPROCESSOR_DEFINITIONS = (
					"DEBUG=1",
					"$(inherited)",
				);
				INFOPLIST_FILE = giftlrTests/Info.plist;
				LD_RUNPATH_SEARCH_PATHS = "$(inherited) @executable_path/Frameworks @loader_path/Frameworks";
				PRODUCT_NAME = "$(TARGET_NAME)";
				TEST_HOST = "$(BUILT_PRODUCTS_DIR)/giftlr.app/giftlr";
			};
			name = Debug;
		};
		073B41D91AA8157500139A10 /* Release */ = {
			isa = XCBuildConfiguration;
			buildSettings = {
				BUNDLE_LOADER = "$(TEST_HOST)";
				FRAMEWORK_SEARCH_PATHS = (
					"$(SDKROOT)/Developer/Library/Frameworks",
					"$(inherited)",
				);
				INFOPLIST_FILE = giftlrTests/Info.plist;
				LD_RUNPATH_SEARCH_PATHS = "$(inherited) @executable_path/Frameworks @loader_path/Frameworks";
				PRODUCT_NAME = "$(TARGET_NAME)";
				TEST_HOST = "$(BUILT_PRODUCTS_DIR)/giftlr.app/giftlr";
			};
			name = Release;
		};
/* End XCBuildConfiguration section */

/* Begin XCConfigurationList section */
		073B41AC1AA8157400139A10 /* Build configuration list for PBXProject "giftlr" */ = {
			isa = XCConfigurationList;
			buildConfigurations = (
				073B41D21AA8157500139A10 /* Debug */,
				073B41D31AA8157500139A10 /* Release */,
			);
			defaultConfigurationIsVisible = 0;
			defaultConfigurationName = Release;
		};
		073B41D41AA8157500139A10 /* Build configuration list for PBXNativeTarget "giftlr" */ = {
			isa = XCConfigurationList;
			buildConfigurations = (
				073B41D51AA8157500139A10 /* Debug */,
				073B41D61AA8157500139A10 /* Release */,
			);
			defaultConfigurationIsVisible = 0;
		};
		073B41D71AA8157500139A10 /* Build configuration list for PBXNativeTarget "giftlrTests" */ = {
			isa = XCConfigurationList;
			buildConfigurations = (
				073B41D81AA8157500139A10 /* Debug */,
				073B41D91AA8157500139A10 /* Release */,
			);
			defaultConfigurationIsVisible = 0;
		};
/* End XCConfigurationList section */
	};
	rootObject = 073B41A91AA8157400139A10 /* Project object */;
}
